// !$*UTF8*$!
{
	archiveVersion = 1;
	classes = {
	};
	objectVersion = 50;
	objects = {

/* Begin PBXBuildFile section */
		7A45BB572758876000A353BE /* AppDelegate.swift in Sources */ = {isa = PBXBuildFile; fileRef = 7A45BB562758876000A353BE /* AppDelegate.swift */; };
		7A45BB592758876000A353BE /* SceneDelegate.swift in Sources */ = {isa = PBXBuildFile; fileRef = 7A45BB582758876000A353BE /* SceneDelegate.swift */; };
		7A45BB5E2758876000A353BE /* Main.storyboard in Resources */ = {isa = PBXBuildFile; fileRef = 7A45BB5C2758876000A353BE /* Main.storyboard */; };
		7A45BB602758876100A353BE /* Assets.xcassets in Resources */ = {isa = PBXBuildFile; fileRef = 7A45BB5F2758876100A353BE /* Assets.xcassets */; };
		7A45BB632758876100A353BE /* LaunchScreen.storyboard in Resources */ = {isa = PBXBuildFile; fileRef = 7A45BB612758876100A353BE /* LaunchScreen.storyboard */; };
		7A45BB7B2758888B00A353BE /* loginVC.swift in Sources */ = {isa = PBXBuildFile; fileRef = 7A45BB7A2758888B00A353BE /* loginVC.swift */; };
		7A45BB7D27588AC000A353BE /* signupVC.swift in Sources */ = {isa = PBXBuildFile; fileRef = 7A45BB7C27588AC000A353BE /* signupVC.swift */; };
		7A45BB7F27588AD700A353BE /* homeVC.swift in Sources */ = {isa = PBXBuildFile; fileRef = 7A45BB7E27588AD700A353BE /* homeVC.swift */; };
		7A4908BA275DD23F00D04FA6 /* animalCell.swift in Sources */ = {isa = PBXBuildFile; fileRef = 7A4908B8275DD23F00D04FA6 /* animalCell.swift */; };
		7A4908BB275DD23F00D04FA6 /* animalCell.xib in Resources */ = {isa = PBXBuildFile; fileRef = 7A4908B9275DD23F00D04FA6 /* animalCell.xib */; };
/* End PBXBuildFile section */

/* Begin PBXFileReference section */
		7A45BB532758876000A353BE /* 2dec.app */ = {isa = PBXFileReference; explicitFileType = wrapper.application; includeInIndex = 0; path = 2dec.app; sourceTree = BUILT_PRODUCTS_DIR; };
		7A45BB562758876000A353BE /* AppDelegate.swift */ = {isa = PBXFileReference; lastKnownFileType = sourcecode.swift; path = AppDelegate.swift; sourceTree = "<group>"; };
		7A45BB582758876000A353BE /* SceneDelegate.swift */ = {isa = PBXFileReference; lastKnownFileType = sourcecode.swift; path = SceneDelegate.swift; sourceTree = "<group>"; };
		7A45BB5D2758876000A353BE /* Base */ = {isa = PBXFileReference; lastKnownFileType = file.storyboard; name = Base; path = Base.lproj/Main.storyboard; sourceTree = "<group>"; };
		7A45BB5F2758876100A353BE /* Assets.xcassets */ = {isa = PBXFileReference; lastKnownFileType = folder.assetcatalog; path = Assets.xcassets; sourceTree = "<group>"; };
		7A45BB622758876100A353BE /* Base */ = {isa = PBXFileReference; lastKnownFileType = file.storyboard; name = Base; path = Base.lproj/LaunchScreen.storyboard; sourceTree = "<group>"; };
		7A45BB642758876100A353BE /* Info.plist */ = {isa = PBXFileReference; lastKnownFileType = text.plist.xml; path = Info.plist; sourceTree = "<group>"; };
		7A45BB7A2758888B00A353BE /* loginVC.swift */ = {isa = PBXFileReference; lastKnownFileType = sourcecode.swift; path = loginVC.swift; sourceTree = "<group>"; };
		7A45BB7C27588AC000A353BE /* signupVC.swift */ = {isa = PBXFileReference; lastKnownFileType = sourcecode.swift; path = signupVC.swift; sourceTree = "<group>"; };
		7A45BB7E27588AD700A353BE /* homeVC.swift */ = {isa = PBXFileReference; lastKnownFileType = sourcecode.swift; path = homeVC.swift; sourceTree = "<group>"; };
		7A4908B8275DD23F00D04FA6 /* animalCell.swift */ = {isa = PBXFileReference; lastKnownFileType = sourcecode.swift; path = animalCell.swift; sourceTree = "<group>"; };
		7A4908B9275DD23F00D04FA6 /* animalCell.xib */ = {isa = PBXFileReference; lastKnownFileType = file.xib; path = animalCell.xib; sourceTree = "<group>"; };
/* End PBXFileReference section */

/* Begin PBXFrameworksBuildPhase section */
		7A45BB502758876000A353BE /* Frameworks */ = {
			isa = PBXFrameworksBuildPhase;
			buildActionMask = 2147483647;
			files = (
			);
			runOnlyForDeploymentPostprocessing = 0;
		};
/* End PBXFrameworksBuildPhase section */

/* Begin PBXGroup section */
		7A45BB4A2758876000A353BE = {
			isa = PBXGroup;
			children = (
				7A45BB552758876000A353BE /* 2dec */,
				7A45BB542758876000A353BE /* Products */,
			);
			sourceTree = "<group>";
		};
		7A45BB542758876000A353BE /* Products */ = {
			isa = PBXGroup;
			children = (
				7A45BB532758876000A353BE /* 2dec.app */,
			);
			name = Products;
			sourceTree = "<group>";
		};
		7A45BB552758876000A353BE /* 2dec */ = {
			isa = PBXGroup;
			children = (
				7A45BB6A2758879000A353BE /* loginScreen */,
				7A45BB6D275887C000A353BE /* signupScreen */,
				7A45BB6C275887AE00A353BE /* homeScreen */,
				7A45BB562758876000A353BE /* AppDelegate.swift */,
				7A45BB582758876000A353BE /* SceneDelegate.swift */,
				7A45BB5C2758876000A353BE /* Main.storyboard */,
				7A45BB5F2758876100A353BE /* Assets.xcassets */,
				7A45BB612758876100A353BE /* LaunchScreen.storyboard */,
				7A45BB642758876100A353BE /* Info.plist */,
			);
			path = 2dec;
			sourceTree = "<group>";
		};
		7A45BB6A2758879000A353BE /* loginScreen */ = {
			isa = PBXGroup;
			children = (
				7A45BB71275887ED00A353BE /* ViewModel */,
				7A45BB70275887E500A353BE /* Model */,
				7A45BB6F275887DE00A353BE /* View */,
				7A45BB6E275887D300A353BE /* viewController */,
			);
			path = loginScreen;
			sourceTree = "<group>";
		};
		7A45BB6C275887AE00A353BE /* homeScreen */ = {
			isa = PBXGroup;
			children = (
				7A45BB792758886D00A353BE /* Model */,
				7A45BB782758886500A353BE /* ViewModel */,
				7A45BB772758883F00A353BE /* View */,
				7A45BB762758883600A353BE /* ViewController */,
			);
			path = homeScreen;
			sourceTree = "<group>";
		};
		7A45BB6D275887C000A353BE /* signupScreen */ = {
			isa = PBXGroup;
			children = (
				7A45BB752758881F00A353BE /* Model */,
				7A45BB742758881300A353BE /* ViewModel */,
				7A45BB732758880E00A353BE /* View */,
				7A45BB722758880500A353BE /* ViewController */,
			);
			path = signupScreen;
			sourceTree = "<group>";
		};
		7A45BB6E275887D300A353BE /* viewController */ = {
			isa = PBXGroup;
			children = (
				7A45BB7A2758888B00A353BE /* loginVC.swift */,
			);
			path = viewController;
			sourceTree = "<group>";
		};
		7A45BB6F275887DE00A353BE /* View */ = {
			isa = PBXGroup;
			children = (
			);
			path = View;
			sourceTree = "<group>";
		};
		7A45BB70275887E500A353BE /* Model */ = {
			isa = PBXGroup;
			children = (
			);
			path = Model;
			sourceTree = "<group>";
		};
		7A45BB71275887ED00A353BE /* ViewModel */ = {
			isa = PBXGroup;
			children = (
			);
			path = ViewModel;
			sourceTree = "<group>";
		};
		7A45BB722758880500A353BE /* ViewController */ = {
			isa = PBXGroup;
			children = (
				7A45BB7C27588AC000A353BE /* signupVC.swift */,
			);
			path = ViewController;
			sourceTree = "<group>";
		};
		7A45BB732758880E00A353BE /* View */ = {
			isa = PBXGroup;
			children = (
			);
			path = View;
			sourceTree = "<group>";
		};
		7A45BB742758881300A353BE /* ViewModel */ = {
			isa = PBXGroup;
			children = (
			);
			path = ViewModel;
			sourceTree = "<group>";
		};
		7A45BB752758881F00A353BE /* Model */ = {
			isa = PBXGroup;
			children = (
			);
			path = Model;
			sourceTree = "<group>";
		};
		7A45BB762758883600A353BE /* ViewController */ = {
			isa = PBXGroup;
			children = (
				7A45BB7E27588AD700A353BE /* homeVC.swift */,
			);
			path = ViewController;
			sourceTree = "<group>";
		};
		7A45BB772758883F00A353BE /* View */ = {
			isa = PBXGroup;
			children = (
			);
			path = View;
			sourceTree = "<group>";
		};
		7A45BB782758886500A353BE /* ViewModel */ = {
			isa = PBXGroup;
			children = (
			);
			path = ViewModel;
			sourceTree = "<group>";
		};
		7A45BB792758886D00A353BE /* Model */ = {
			isa = PBXGroup;
			children = (
				7A4908B8275DD23F00D04FA6 /* animalCell.swift */,
				7A4908B9275DD23F00D04FA6 /* animalCell.xib */,
			);
			path = Model;
			sourceTree = "<group>";
		};
/* End PBXGroup section */

/* Begin PBXNativeTarget section */
		7A45BB522758876000A353BE /* 2dec */ = {
			isa = PBXNativeTarget;
			buildConfigurationList = 7A45BB672758876100A353BE /* Build configuration list for PBXNativeTarget "2dec" */;
			buildPhases = (
				7A45BB4F2758876000A353BE /* Sources */,
				7A45BB502758876000A353BE /* Frameworks */,
				7A45BB512758876000A353BE /* Resources */,
			);
			buildRules = (
			);
			dependencies = (
			);
			name = 2dec;
			productName = 2dec;
			productReference = 7A45BB532758876000A353BE /* 2dec.app */;
			productType = "com.apple.product-type.application";
		};
/* End PBXNativeTarget section */

/* Begin PBXProject section */
		7A45BB4B2758876000A353BE /* Project object */ = {
			isa = PBXProject;
			attributes = {
				LastSwiftUpdateCheck = 1250;
				LastUpgradeCheck = 1250;
				TargetAttributes = {
					7A45BB522758876000A353BE = {
						CreatedOnToolsVersion = 12.5.1;
					};
				};
			};
			buildConfigurationList = 7A45BB4E2758876000A353BE /* Build configuration list for PBXProject "2dec" */;
			compatibilityVersion = "Xcode 9.3";
			developmentRegion = en;
			hasScannedForEncodings = 0;
			knownRegions = (
				en,
				Base,
			);
			mainGroup = 7A45BB4A2758876000A353BE;
			productRefGroup = 7A45BB542758876000A353BE /* Products */;
			projectDirPath = "";
			projectRoot = "";
			targets = (
				7A45BB522758876000A353BE /* 2dec */,
			);
		};
/* End PBXProject section */

/* Begin PBXResourcesBuildPhase section */
		7A45BB512758876000A353BE /* Resources */ = {
			isa = PBXResourcesBuildPhase;
			buildActionMask = 2147483647;
			files = (
				7A45BB632758876100A353BE /* LaunchScreen.storyboard in Resources */,
				7A4908BB275DD23F00D04FA6 /* animalCell.xib in Resources */,
				7A45BB602758876100A353BE /* Assets.xcassets in Resources */,
				7A45BB5E2758876000A353BE /* Main.storyboard in Resources */,
			);
			runOnlyForDeploymentPostprocessing = 0;
		};
/* End PBXResourcesBuildPhase section */

/* Begin PBXSourcesBuildPhase section */
		7A45BB4F2758876000A353BE /* Sources */ = {
			isa = PBXSourcesBuildPhase;
			buildActionMask = 2147483647;
			files = (
				7A45BB7D27588AC000A353BE /* signupVC.swift in Sources */,
				7A45BB572758876000A353BE /* AppDelegate.swift in Sources */,
				7A45BB7F27588AD700A353BE /* homeVC.swift in Sources */,
				7A45BB7B2758888B00A353BE /* loginVC.swift in Sources */,
				7A45BB592758876000A353BE /* SceneDelegate.swift in Sources */,
				7A4908BA275DD23F00D04FA6 /* animalCell.swift in Sources */,
			);
			runOnlyForDeploymentPostprocessing = 0;
		};
/* End PBXSourcesBuildPhase section */

/* Begin PBXVariantGroup section */
		7A45BB5C2758876000A353BE /* Main.storyboard */ = {
			isa = PBXVariantGroup;
			children = (
				7A45BB5D2758876000A353BE /* Base */,
			);
			name = Main.storyboard;
			sourceTree = "<group>";
		};
		7A45BB612758876100A353BE /* LaunchScreen.storyboard */ = {
			isa = PBXVariantGroup;
			children = (
				7A45BB622758876100A353BE /* Base */,
			);
			name = LaunchScreen.storyboard;
			sourceTree = "<group>";
		};
/* End PBXVariantGroup section */

/* Begin XCBuildConfiguration section */
		7A45BB652758876100A353BE /* Debug */ = {
			isa = XCBuildConfiguration;
			buildSettings = {
				ALWAYS_SEARCH_USER_PATHS = NO;
				CLANG_ANALYZER_NONNULL = YES;
				CLANG_ANALYZER_NUMBER_OBJECT_CONVERSION = YES_AGGRESSIVE;
				CLANG_CXX_LANGUAGE_STANDARD = "gnu++14";
				CLANG_CXX_LIBRARY = "libc++";
				CLANG_ENABLE_MODULES = YES;
				CLANG_ENABLE_OBJC_ARC = YES;
				CLANG_ENABLE_OBJC_WEAK = YES;
				CLANG_WARN_BLOCK_CAPTURE_AUTORELEASING = YES;
				CLANG_WARN_BOOL_CONVERSION = YES;
				CLANG_WARN_COMMA = YES;
				CLANG_WARN_CONSTANT_CONVERSION = YES;
				CLANG_WARN_DEPRECATED_OBJC_IMPLEMENTATIONS = YES;
				CLANG_WARN_DIRECT_OBJC_ISA_USAGE = YES_ERROR;
				CLANG_WARN_DOCUMENTATION_COMMENTS = YES;
				CLANG_WARN_EMPTY_BODY = YES;
				CLANG_WARN_ENUM_CONVERSION = YES;
				CLANG_WARN_INFINITE_RECURSION = YES;
				CLANG_WARN_INT_CONVERSION = YES;
				CLANG_WARN_NON_LITERAL_NULL_CONVERSION = YES;
				CLANG_WARN_OBJC_IMPLICIT_RETAIN_SELF = YES;
				CLANG_WARN_OBJC_LITERAL_CONVERSION = YES;
				CLANG_WARN_OBJC_ROOT_CLASS = YES_ERROR;
				CLANG_WARN_QUOTED_INCLUDE_IN_FRAMEWORK_HEADER = YES;
				CLANG_WARN_RANGE_LOOP_ANALYSIS = YES;
				CLANG_WARN_STRICT_PROTOTYPES = YES;
				CLANG_WARN_SUSPICIOUS_MOVE = YES;
				CLANG_WARN_UNGUARDED_AVAILABILITY = YES_AGGRESSIVE;
				CLANG_WARN_UNREACHABLE_CODE = YES;
				CLANG_WARN__DUPLICATE_METHOD_MATCH = YES;
				COPY_PHASE_STRIP = NO;
				DEBUG_INFORMATION_FORMAT = dwarf;
				ENABLE_STRICT_OBJC_MSGSEND = YES;
				ENABLE_TESTABILITY = YES;
				GCC_C_LANGUAGE_STANDARD = gnu11;
				GCC_DYNAMIC_NO_PIC = NO;
				GCC_NO_COMMON_BLOCKS = YES;
				GCC_OPTIMIZATION_LEVEL = 0;
				GCC_PREPROCESSOR_DEFINITIONS = (
					"DEBUG=1",
					"$(inherited)",
				);
				GCC_WARN_64_TO_32_BIT_CONVERSION = YES;
				GCC_WARN_ABOUT_RETURN_TYPE = YES_ERROR;
				GCC_WARN_UNDECLARED_SELECTOR = YES;
				GCC_WARN_UNINITIALIZED_AUTOS = YES_AGGRESSIVE;
				GCC_WARN_UNUSED_FUNCTION = YES;
				GCC_WARN_UNUSED_VARIABLE = YES;
				IPHONEOS_DEPLOYMENT_TARGET = 14.5;
				MTL_ENABLE_DEBUG_INFO = INCLUDE_SOURCE;
				MTL_FAST_MATH = YES;
				ONLY_ACTIVE_ARCH = YES;
				SDKROOT = iphoneos;
				SWIFT_ACTIVE_COMPILATION_CONDITIONS = DEBUG;
				SWIFT_OPTIMIZATION_LEVEL = "-Onone";
			};
			name = Debug;
		};
		7A45BB662758876100A353BE /* Release */ = {
			isa = XCBuildConfiguration;
			buildSettings = {
				ALWAYS_SEARCH_USER_PATHS = NO;
				CLANG_ANALYZER_NONNULL = YES;
				CLANG_ANALYZER_NUMBER_OBJECT_CONVERSION = YES_AGGRESSIVE;
				CLANG_CXX_LANGUAGE_STANDARD = "gnu++14";
				CLANG_CXX_LIBRARY = "libc++";
				CLANG_ENABLE_MODULES = YES;
				CLANG_ENABLE_OBJC_ARC = YES;
				CLANG_ENABLE_OBJC_WEAK = YES;
				CLANG_WARN_BLOCK_CAPTURE_AUTORELEASING = YES;
				CLANG_WARN_BOOL_CONVERSION = YES;
				CLANG_WARN_COMMA = YES;
				CLANG_WARN_CONSTANT_CONVERSION = YES;
				CLANG_WARN_DEPRECATED_OBJC_IMPLEMENTATIONS = YES;
				CLANG_WARN_DIRECT_OBJC_ISA_USAGE = YES_ERROR;
				CLANG_WARN_DOCUMENTATION_COMMENTS = YES;
				CLANG_WARN_EMPTY_BODY = YES;
				CLANG_WARN_ENUM_CONVERSION = YES;
				CLANG_WARN_INFINITE_RECURSION = YES;
				CLANG_WARN_INT_CONVERSION = YES;
				CLANG_WARN_NON_LITERAL_NULL_CONVERSION = YES;
				CLANG_WARN_OBJC_IMPLICIT_RETAIN_SELF = YES;
				CLANG_WARN_OBJC_LITERAL_CONVERSION = YES;
				CLANG_WARN_OBJC_ROOT_CLASS = YES_ERROR;
				CLANG_WARN_QUOTED_INCLUDE_IN_FRAMEWORK_HEADER = YES;
				CLANG_WARN_RANGE_LOOP_ANALYSIS = YES;
				CLANG_WARN_STRICT_PROTOTYPES = YES;
				CLANG_WARN_SUSPICIOUS_MOVE = YES;
				CLANG_WARN_UNGUARDED_AVAILABILITY = YES_AGGRESSIVE;
				CLANG_WARN_UNREACHABLE_CODE = YES;
				CLANG_WARN__DUPLICATE_METHOD_MATCH = YES;
				COPY_PHASE_STRIP = NO;
				DEBUG_INFORMATION_FORMAT = "dwarf-with-dsym";
				ENABLE_NS_ASSERTIONS = NO;
				ENABLE_STRICT_OBJC_MSGSEND = YES;
				GCC_C_LANGUAGE_STANDARD = gnu11;
				GCC_NO_COMMON_BLOCKS = YES;
				GCC_WARN_64_TO_32_BIT_CONVERSION = YES;
				GCC_WARN_ABOUT_RETURN_TYPE = YES_ERROR;
				GCC_WARN_UNDECLARED_SELECTOR = YES;
				GCC_WARN_UNINITIALIZED_AUTOS = YES_AGGRESSIVE;
				GCC_WARN_UNUSED_FUNCTION = YES;
				GCC_WARN_UNUSED_VARIABLE = YES;
				IPHONEOS_DEPLOYMENT_TARGET = 14.5;
				MTL_ENABLE_DEBUG_INFO = NO;
				MTL_FAST_MATH = YES;
				SDKROOT = iphoneos;
				SWIFT_COMPILATION_MODE = wholemodule;
				SWIFT_OPTIMIZATION_LEVEL = "-O";
				VALIDATE_PRODUCT = YES;
			};
			name = Release;
		};
		7A45BB682758876100A353BE /* Debug */ = {
			isa = XCBuildConfiguration;
			buildSettings = {
				ASSETCATALOG_COMPILER_APPICON_NAME = AppIcon;
				ASSETCATALOG_COMPILER_GLOBAL_ACCENT_COLOR_NAME = AccentColor;
				CODE_SIGN_STYLE = Automatic;
				INFOPLIST_FILE = 2dec/Info.plist;
				LD_RUNPATH_SEARCH_PATHS = (
					"$(inherited)",
					"@executable_path/Frameworks",
				);
				PRODUCT_BUNDLE_IDENTIFIER = "test.-dec";
				PRODUCT_NAME = "$(TARGET_NAME)";
				SWIFT_VERSION = 5.0;
				TARGETED_DEVICE_FAMILY = "1,2";
			};
			name = Debug;
		};
		7A45BB692758876100A353BE /* Release */ = {
			isa = XCBuildConfiguration;
			buildSettings = {
				ASSETCATALOG_COMPILER_APPICON_NAME = AppIcon;
				ASSETCATALOG_COMPILER_GLOBAL_ACCENT_COLOR_NAME = AccentColor;
				CODE_SIGN_STYLE = Automatic;
				INFOPLIST_FILE = 2dec/Info.plist;
				LD_RUNPATH_SEARCH_PATHS = (
					"$(inherited)",
					"@executable_path/Frameworks",
				);
				PRODUCT_BUNDLE_IDENTIFIER = "test.-dec";
				PRODUCT_NAME = "$(TARGET_NAME)";
				SWIFT_VERSION = 5.0;
				TARGETED_DEVICE_FAMILY = "1,2";
			};
			name = Release;
		};
/* End XCBuildConfiguration section */

/* Begin XCConfigurationList section */
		7A45BB4E2758876000A353BE /* Build configuration list for PBXProject "2dec" */ = {
			isa = XCConfigurationList;
			buildConfigurations = (
				7A45BB652758876100A353BE /* Debug */,
				7A45BB662758876100A353BE /* Release */,
			);
			defaultConfigurationIsVisible = 0;
			defaultConfigurationName = Release;
		};
		7A45BB672758876100A353BE /* Build configuration list for PBXNativeTarget "2dec" */ = {
			isa = XCConfigurationList;
			buildConfigurations = (
				7A45BB682758876100A353BE /* Debug */,
				7A45BB692758876100A353BE /* Release */,
			);
			defaultConfigurationIsVisible = 0;
			defaultConfigurationName = Release;
		};
/* End XCConfigurationList section */
	};
	rootObject = 7A45BB4B2758876000A353BE /* Project object */;
}
